<?xml version="1.0" encoding="utf-8"?>
<Project ToolsVersion="17.0" xmlns="http://schemas.microsoft.com/developer/msbuild/2003">
  <ItemGroup>
    <CustomBuild Include="C:\Users\JustinPC\Documents\GitHub\ShadPS4Dump\build-test\CMakeFiles\b8e9de81621931816cbee79eedeae072\generate.stamp.rule">
      <Filter>CMake Rules</Filter>
    </CustomBuild>
  </ItemGroup>
  <ItemGroup>
    <Filter Include="CMake Rules">
      <UniqueIdentifier>{A918F6F4-26B5-38A0-BCF5-169443DB9497}</UniqueIdentifier>
    </Filter>
  </ItemGroup>
</Project>
